
Microsoft Visual Studio Solution File, Format Version 12.00
# Visual Studio Version 17
VisualStudioVersion = 17.4.33213.308
MinimumVisualStudioVersion = 10.0.40219.1
Project("{FAE04EC0-301F-11D3-BF4B-00C04F79EFBC}") = "OOPHamburgerci", "OOPHamburgerci\OOPHamburgerci.csproj", "{64438E21-552E-45B0-932C-8D841A12948E}"
EndProject
Global
	GlobalSection(SolutionConfigurationPlatforms) = preSolution
		Debug|Any CPU = Debug|Any CPU
		Release|Any CPU = Release|Any CPU
	EndGlobalSection
	GlobalSection(ProjectConfigurationPlatforms) = postSolution
		{64438E21-552E-45B0-932C-8D841A12948E}.Debug|Any CPU.ActiveCfg = Debug|Any CPU
		{64438E21-552E-45B0-932C-8D841A12948E}.Debug|Any CPU.Build.0 = Debug|Any CPU
		{64438E21-552E-45B0-932C-8D841A12948E}.Release|Any CPU.ActiveCfg = Release|Any CPU
		{64438E21-552E-45B0-932C-8D841A12948E}.Release|Any CPU.Build.0 = Release|Any CPU
	EndGlobalSection
	GlobalSection(SolutionProperties) = preSolution
		HideSolutionNode = FALSE
	EndGlobalSection
	GlobalSection(ExtensibilityGlobals) = postSolution
		SolutionGuid = {69EA80B4-F9A9-4E2E-9C32-57BC7E0E1163}
	EndGlobalSection
EndGlobal
